
Microsoft Visual Studio Solution File, Format Version 12.00
# Visual Studio Version 16
VisualStudioVersion = 25.0.1700.7
MinimumVisualStudioVersion = 10.0.40219.1
Project("{FAE04EC0-301F-11D3-BF4B-00C04F79EFBC}") = "Permuting2Arrays", "Permuting2Arrays.csproj", "{81E805B8-535E-47FE-A658-5C1B43D6A9B3}"
EndProject
Global
	GlobalSection(SolutionConfigurationPlatforms) = preSolution
		Debug|Any CPU = Debug|Any CPU
		Release|Any CPU = Release|Any CPU
	EndGlobalSection
	GlobalSection(ProjectConfigurationPlatforms) = postSolution
		{81E805B8-535E-47FE-A658-5C1B43D6A9B3}.Debug|Any CPU.ActiveCfg = Debug|Any CPU
		{81E805B8-535E-47FE-A658-5C1B43D6A9B3}.Debug|Any CPU.Build.0 = Debug|Any CPU
		{81E805B8-535E-47FE-A658-5C1B43D6A9B3}.Release|Any CPU.ActiveCfg = Release|Any CPU
		{81E805B8-535E-47FE-A658-5C1B43D6A9B3}.Release|Any CPU.Build.0 = Release|Any CPU
	EndGlobalSection
	GlobalSection(SolutionProperties) = preSolution
		HideSolutionNode = FALSE
	EndGlobalSection
	GlobalSection(ExtensibilityGlobals) = postSolution
		SolutionGuid = {0C167038-6534-4E24-9F54-1551B9810B71}
	EndGlobalSection
EndGlobal
