
Microsoft Visual Studio Solution File, Format Version 12.00
# Visual Studio Version 17
VisualStudioVersion = 17.1.32210.238
MinimumVisualStudioVersion = 10.0.40219.1
Project("{FAE04EC0-301F-11D3-BF4B-00C04F79EFBC}") = "SparseArrays", "SparseArrays.csproj", "{47A0EA1B-37CC-4321-AD72-BB427FC6346D}"
EndProject
Global
	GlobalSection(SolutionConfigurationPlatforms) = preSolution
		Debug|Any CPU = Debug|Any CPU
		Release|Any CPU = Release|Any CPU
	EndGlobalSection
	GlobalSection(ProjectConfigurationPlatforms) = postSolution
		{47A0EA1B-37CC-4321-AD72-BB427FC6346D}.Debug|Any CPU.ActiveCfg = Debug|Any CPU
		{47A0EA1B-37CC-4321-AD72-BB427FC6346D}.Debug|Any CPU.Build.0 = Debug|Any CPU
		{47A0EA1B-37CC-4321-AD72-BB427FC6346D}.Release|Any CPU.ActiveCfg = Release|Any CPU
		{47A0EA1B-37CC-4321-AD72-BB427FC6346D}.Release|Any CPU.Build.0 = Release|Any CPU
	EndGlobalSection
	GlobalSection(SolutionProperties) = preSolution
		HideSolutionNode = FALSE
	EndGlobalSection
	GlobalSection(ExtensibilityGlobals) = postSolution
		SolutionGuid = {FEFFCAB9-85D3-47E8-A6C8-992C90EEDD43}
	EndGlobalSection
EndGlobal
