
Microsoft Visual Studio Solution File, Format Version 12.00
# Visual Studio Version 17
VisualStudioVersion = 17.1.32210.238
MinimumVisualStudioVersion = 10.0.40219.1
Project("{FAE04EC0-301F-11D3-BF4B-00C04F79EFBC}") = "FlippingBITS", "FlippingBITS.csproj", "{125E1504-3B5C-4680-B2F7-855D82A1515A}"
EndProject
Global
	GlobalSection(SolutionConfigurationPlatforms) = preSolution
		Debug|Any CPU = Debug|Any CPU
		Release|Any CPU = Release|Any CPU
	EndGlobalSection
	GlobalSection(ProjectConfigurationPlatforms) = postSolution
		{125E1504-3B5C-4680-B2F7-855D82A1515A}.Debug|Any CPU.ActiveCfg = Debug|Any CPU
		{125E1504-3B5C-4680-B2F7-855D82A1515A}.Debug|Any CPU.Build.0 = Debug|Any CPU
		{125E1504-3B5C-4680-B2F7-855D82A1515A}.Release|Any CPU.ActiveCfg = Release|Any CPU
		{125E1504-3B5C-4680-B2F7-855D82A1515A}.Release|Any CPU.Build.0 = Release|Any CPU
	EndGlobalSection
	GlobalSection(SolutionProperties) = preSolution
		HideSolutionNode = FALSE
	EndGlobalSection
	GlobalSection(ExtensibilityGlobals) = postSolution
		SolutionGuid = {AE34A074-9E18-468C-8A16-CDB12EBF6E63}
	EndGlobalSection
EndGlobal
