
Microsoft Visual Studio Solution File, Format Version 12.00
# Visual Studio Version 17
VisualStudioVersion = 17.1.32210.238
MinimumVisualStudioVersion = 10.0.40219.1
Project("{FAE04EC0-301F-11D3-BF4B-00C04F79EFBC}") = "turing test 2", "turing test 2.csproj", "{0A904E02-0027-457E-B107-E46906629AB0}"
EndProject
Global
	GlobalSection(SolutionConfigurationPlatforms) = preSolution
		Debug|Any CPU = Debug|Any CPU
		Release|Any CPU = Release|Any CPU
	EndGlobalSection
	GlobalSection(ProjectConfigurationPlatforms) = postSolution
		{0A904E02-0027-457E-B107-E46906629AB0}.Debug|Any CPU.ActiveCfg = Debug|Any CPU
		{0A904E02-0027-457E-B107-E46906629AB0}.Debug|Any CPU.Build.0 = Debug|Any CPU
		{0A904E02-0027-457E-B107-E46906629AB0}.Release|Any CPU.ActiveCfg = Release|Any CPU
		{0A904E02-0027-457E-B107-E46906629AB0}.Release|Any CPU.Build.0 = Release|Any CPU
	EndGlobalSection
	GlobalSection(SolutionProperties) = preSolution
		HideSolutionNode = FALSE
	EndGlobalSection
	GlobalSection(ExtensibilityGlobals) = postSolution
		SolutionGuid = {62C86C6F-2B0A-425B-8A5F-A5B009E2DEDA}
	EndGlobalSection
EndGlobal
